
Microsoft Visual Studio Solution File, Format Version 12.00
# Visual Studio 14
VisualStudioVersion = 14.0.23107.0
MinimumVisualStudioVersion = 10.0.40219.1
Project("{8BC9CEB8-8B4A-11D0-8D11-00A0C91BC942}") = "operator_example", "operator_example\operator_example.vcxproj", "{9C2C61D2-FE39-49E9-BA67-6A0E5A5EF44F}"
	ProjectSection(ProjectDependencies) = postProject
		{E82999C8-6F04-486C-9519-D88BCF9E84F0} = {E82999C8-6F04-486C-9519-D88BCF9E84F0}
	EndProjectSection
EndProject
Project("{8BC9CEB8-8B4A-11D0-8D11-00A0C91BC942}") = "library", "library\library.vcxproj", "{E82999C8-6F04-486C-9519-D88BCF9E84F0}"
EndProject
Global
	GlobalSection(SolutionConfigurationPlatforms) = preSolution
		Debug|x64 = Debug|x64
		Debug|x86 = Debug|x86
		Release|x64 = Release|x64
		Release|x86 = Release|x86
	EndGlobalSection
	GlobalSection(ProjectConfigurationPlatforms) = postSolution
		{9C2C61D2-FE39-49E9-BA67-6A0E5A5EF44F}.Debug|x64.ActiveCfg = Debug|x64
		{9C2C61D2-FE39-49E9-BA67-6A0E5A5EF44F}.Debug|x64.Build.0 = Debug|x64
		{9C2C61D2-FE39-49E9-BA67-6A0E5A5EF44F}.Debug|x86.ActiveCfg = Debug|Win32
		{9C2C61D2-FE39-49E9-BA67-6A0E5A5EF44F}.Debug|x86.Build.0 = Debug|Win32
		{9C2C61D2-FE39-49E9-BA67-6A0E5A5EF44F}.Release|x64.ActiveCfg = Release|x64
		{9C2C61D2-FE39-49E9-BA67-6A0E5A5EF44F}.Release|x64.Build.0 = Release|x64
		{9C2C61D2-FE39-49E9-BA67-6A0E5A5EF44F}.Release|x86.ActiveCfg = Release|Win32
		{9C2C61D2-FE39-49E9-BA67-6A0E5A5EF44F}.Release|x86.Build.0 = Release|Win32
		{E82999C8-6F04-486C-9519-D88BCF9E84F0}.Debug|x64.ActiveCfg = Debug|x64
		{E82999C8-6F04-486C-9519-D88BCF9E84F0}.Debug|x64.Build.0 = Debug|x64
		{E82999C8-6F04-486C-9519-D88BCF9E84F0}.Debug|x86.ActiveCfg = Debug|Win32
		{E82999C8-6F04-486C-9519-D88BCF9E84F0}.Debug|x86.Build.0 = Debug|Win32
		{E82999C8-6F04-486C-9519-D88BCF9E84F0}.Release|x64.ActiveCfg = Release|x64
		{E82999C8-6F04-486C-9519-D88BCF9E84F0}.Release|x64.Build.0 = Release|x64
		{E82999C8-6F04-486C-9519-D88BCF9E84F0}.Release|x86.ActiveCfg = Release|Win32
		{E82999C8-6F04-486C-9519-D88BCF9E84F0}.Release|x86.Build.0 = Release|Win32
	EndGlobalSection
	GlobalSection(SolutionProperties) = preSolution
		HideSolutionNode = FALSE
	EndGlobalSection
EndGlobal
